
Microsoft Visual Studio Solution File, Format Version 12.00
# Visual Studio 15
VisualStudioVersion = 15.0.26124.0
MinimumVisualStudioVersion = 15.0.26124.0
Project("{FAE04EC0-301F-11D3-BF4B-00C04F79EFBC}") = "PizzaStore.Client", "PizzaStore.Client\PizzaStore.Client.csproj", "{9B80C493-E8A8-482C-983F-7424CAACE879}"
EndProject
Project("{FAE04EC0-301F-11D3-BF4B-00C04F79EFBC}") = "PizzaStore.Domain", "PizzaStore.Domain\PizzaStore.Domain.csproj", "{5D28EA17-171C-474C-93F6-C296BA5E2461}"
EndProject
Project("{FAE04EC0-301F-11D3-BF4B-00C04F79EFBC}") = "PizzaStore.Testing", "PizzaStore.Testing\PizzaStore.Testing.csproj", "{249B9B49-6A17-4FDA-88FB-24FB2996BE1C}"
EndProject
Global
	GlobalSection(SolutionConfigurationPlatforms) = preSolution
		Debug|Any CPU = Debug|Any CPU
		Debug|x64 = Debug|x64
		Debug|x86 = Debug|x86
		Release|Any CPU = Release|Any CPU
		Release|x64 = Release|x64
		Release|x86 = Release|x86
	EndGlobalSection
	GlobalSection(SolutionProperties) = preSolution
		HideSolutionNode = FALSE
	EndGlobalSection
	GlobalSection(ProjectConfigurationPlatforms) = postSolution
		{9B80C493-E8A8-482C-983F-7424CAACE879}.Debug|Any CPU.ActiveCfg = Debug|Any CPU
		{9B80C493-E8A8-482C-983F-7424CAACE879}.Debug|Any CPU.Build.0 = Debug|Any CPU
		{9B80C493-E8A8-482C-983F-7424CAACE879}.Debug|x64.ActiveCfg = Debug|Any CPU
		{9B80C493-E8A8-482C-983F-7424CAACE879}.Debug|x64.Build.0 = Debug|Any CPU
		{9B80C493-E8A8-482C-983F-7424CAACE879}.Debug|x86.ActiveCfg = Debug|Any CPU
		{9B80C493-E8A8-482C-983F-7424CAACE879}.Debug|x86.Build.0 = Debug|Any CPU
		{9B80C493-E8A8-482C-983F-7424CAACE879}.Release|Any CPU.ActiveCfg = Release|Any CPU
		{9B80C493-E8A8-482C-983F-7424CAACE879}.Release|Any CPU.Build.0 = Release|Any CPU
		{9B80C493-E8A8-482C-983F-7424CAACE879}.Release|x64.ActiveCfg = Release|Any CPU
		{9B80C493-E8A8-482C-983F-7424CAACE879}.Release|x64.Build.0 = Release|Any CPU
		{9B80C493-E8A8-482C-983F-7424CAACE879}.Release|x86.ActiveCfg = Release|Any CPU
		{9B80C493-E8A8-482C-983F-7424CAACE879}.Release|x86.Build.0 = Release|Any CPU
		{5D28EA17-171C-474C-93F6-C296BA5E2461}.Debug|Any CPU.ActiveCfg = Debug|Any CPU
		{5D28EA17-171C-474C-93F6-C296BA5E2461}.Debug|Any CPU.Build.0 = Debug|Any CPU
		{5D28EA17-171C-474C-93F6-C296BA5E2461}.Debug|x64.ActiveCfg = Debug|Any CPU
		{5D28EA17-171C-474C-93F6-C296BA5E2461}.Debug|x64.Build.0 = Debug|Any CPU
		{5D28EA17-171C-474C-93F6-C296BA5E2461}.Debug|x86.ActiveCfg = Debug|Any CPU
		{5D28EA17-171C-474C-93F6-C296BA5E2461}.Debug|x86.Build.0 = Debug|Any CPU
		{5D28EA17-171C-474C-93F6-C296BA5E2461}.Release|Any CPU.ActiveCfg = Release|Any CPU
		{5D28EA17-171C-474C-93F6-C296BA5E2461}.Release|Any CPU.Build.0 = Release|Any CPU
		{5D28EA17-171C-474C-93F6-C296BA5E2461}.Release|x64.ActiveCfg = Release|Any CPU
		{5D28EA17-171C-474C-93F6-C296BA5E2461}.Release|x64.Build.0 = Release|Any CPU
		{5D28EA17-171C-474C-93F6-C296BA5E2461}.Release|x86.ActiveCfg = Release|Any CPU
		{5D28EA17-171C-474C-93F6-C296BA5E2461}.Release|x86.Build.0 = Release|Any CPU
		{249B9B49-6A17-4FDA-88FB-24FB2996BE1C}.Debug|Any CPU.ActiveCfg = Debug|Any CPU
		{249B9B49-6A17-4FDA-88FB-24FB2996BE1C}.Debug|Any CPU.Build.0 = Debug|Any CPU
		{249B9B49-6A17-4FDA-88FB-24FB2996BE1C}.Debug|x64.ActiveCfg = Debug|Any CPU
		{249B9B49-6A17-4FDA-88FB-24FB2996BE1C}.Debug|x64.Build.0 = Debug|Any CPU
		{249B9B49-6A17-4FDA-88FB-24FB2996BE1C}.Debug|x86.ActiveCfg = Debug|Any CPU
		{249B9B49-6A17-4FDA-88FB-24FB2996BE1C}.Debug|x86.Build.0 = Debug|Any CPU
		{249B9B49-6A17-4FDA-88FB-24FB2996BE1C}.Release|Any CPU.ActiveCfg = Release|Any CPU
		{249B9B49-6A17-4FDA-88FB-24FB2996BE1C}.Release|Any CPU.Build.0 = Release|Any CPU
		{249B9B49-6A17-4FDA-88FB-24FB2996BE1C}.Release|x64.ActiveCfg = Release|Any CPU
		{249B9B49-6A17-4FDA-88FB-24FB2996BE1C}.Release|x64.Build.0 = Release|Any CPU
		{249B9B49-6A17-4FDA-88FB-24FB2996BE1C}.Release|x86.ActiveCfg = Release|Any CPU
		{249B9B49-6A17-4FDA-88FB-24FB2996BE1C}.Release|x86.Build.0 = Release|Any CPU
	EndGlobalSection
EndGlobal
